// !$*UTF8*$!
{
	archiveVersion = 1;
	classes = {
	};
	objectVersion = 46;
	objects = {

/* Begin PBXBuildFile section */
		13FA0246194C9DB90099883D /* main.m in Sources */ = {isa = PBXBuildFile; fileRef = 13FA0245194C9DB90099883D /* main.m */; };
		13FA0249194C9DB90099883D /* AppDelegate.m in Sources */ = {isa = PBXBuildFile; fileRef = 13FA0248194C9DB90099883D /* AppDelegate.m */; };
		13FA024C194C9DB90099883D /* ViewController.m in Sources */ = {isa = PBXBuildFile; fileRef = 13FA024B194C9DB90099883D /* ViewController.m */; };
		13FA024F194C9DB90099883D /* Main.storyboard in Resources */ = {isa = PBXBuildFile; fileRef = 13FA024D194C9DB90099883D /* Main.storyboard */; };
		13FA0251194C9DB90099883D /* Images.xcassets in Resources */ = {isa = PBXBuildFile; fileRef = 13FA0250194C9DB90099883D /* Images.xcassets */; };
		13FA025D194C9DB90099883D /* AddressBookTests.m in Sources */ = {isa = PBXBuildFile; fileRef = 13FA025C194C9DB90099883D /* AddressBookTests.m */; };
		13FA0268194C9DDC0099883D /* AddressBook.framework in Frameworks */ = {isa = PBXBuildFile; fileRef = 13FA0266194C9DDC0099883D /* AddressBook.framework */; };
		13FA0269194C9DDC0099883D /* AddressBookUI.framework in Frameworks */ = {isa = PBXBuildFile; fileRef = 13FA0267194C9DDC0099883D /* AddressBookUI.framework */; };
/* End PBXBuildFile section */

/* Begin PBXContainerItemProxy section */
		13FA0257194C9DB90099883D /* PBXContainerItemProxy */ = {
			isa = PBXContainerItemProxy;
			containerPortal = 13FA0238194C9DB80099883D /* Project object */;
			proxyType = 1;
			remoteGlobalIDString = 13FA023F194C9DB80099883D;
			remoteInfo = AddressBook;
		};
/* End PBXContainerItemProxy section */

/* Begin PBXFileReference section */
		13FA0240194C9DB90099883D /* AddressBook.app */ = {isa = PBXFileReference; explicitFileType = wrapper.application; includeInIndex = 0; path = AddressBook.app; sourceTree = BUILT_PRODUCTS_DIR; };
		13FA0244194C9DB90099883D /* Info.plist */ = {isa = PBXFileReference; lastKnownFileType = text.plist.xml; path = Info.plist; sourceTree = "<group>"; };
		13FA0245194C9DB90099883D /* main.m */ = {isa = PBXFileReference; lastKnownFileType = sourcecode.c.objc; path = main.m; sourceTree = "<group>"; };
		13FA0247194C9DB90099883D /* AppDelegate.h */ = {isa = PBXFileReference; lastKnownFileType = sourcecode.c.h; path = AppDelegate.h; sourceTree = "<group>"; };
		13FA0248194C9DB90099883D /* AppDelegate.m */ = {isa = PBXFileReference; lastKnownFileType = sourcecode.c.objc; path = AppDelegate.m; sourceTree = "<group>"; };
		13FA024A194C9DB90099883D /* ViewController.h */ = {isa = PBXFileReference; lastKnownFileType = sourcecode.c.h; path = ViewController.h; sourceTree = "<group>"; };
		13FA024B194C9DB90099883D /* ViewController.m */ = {isa = PBXFileReference; lastKnownFileType = sourcecode.c.objc; path = ViewController.m; sourceTree = "<group>"; };
		13FA024E194C9DB90099883D /* Base */ = {isa = PBXFileReference; lastKnownFileType = file.storyboard; name = Base; path = Base.lproj/Main.storyboard; sourceTree = "<group>"; };
		13FA0250194C9DB90099883D /* Images.xcassets */ = {isa = PBXFileReference; lastKnownFileType = folder.assetcatalog; path = Images.xcassets; sourceTree = "<group>"; };
		13FA0256194C9DB90099883D /* AddressBookTests.xctest */ = {isa = PBXFileReference; explicitFileType = wrapper.cfbundle; includeInIndex = 0; path = AddressBookTests.xctest; sourceTree = BUILT_PRODUCTS_DIR; };
		13FA025B194C9DB90099883D /* Info.plist */ = {isa = PBXFileReference; lastKnownFileType = text.plist.xml; path = Info.plist; sourceTree = "<group>"; };
		13FA025C194C9DB90099883D /* AddressBookTests.m */ = {isa = PBXFileReference; lastKnownFileType = sourcecode.c.objc; path = AddressBookTests.m; sourceTree = "<group>"; };
		13FA0266194C9DDC0099883D /* AddressBook.framework */ = {isa = PBXFileReference; lastKnownFileType = wrapper.framework; name = AddressBook.framework; path = System/Library/Frameworks/AddressBook.framework; sourceTree = SDKROOT; };
		13FA0267194C9DDC0099883D /* AddressBookUI.framework */ = {isa = PBXFileReference; lastKnownFileType = wrapper.framework; name = AddressBookUI.framework; path = System/Library/Frameworks/AddressBookUI.framework; sourceTree = SDKROOT; };
/* End PBXFileReference section */

/* Begin PBXFrameworksBuildPhase section */
		13FA023D194C9DB80099883D /* Frameworks */ = {
			isa = PBXFrameworksBuildPhase;
			buildActionMask = 2147483647;
			files = (
				13FA0268194C9DDC0099883D /* AddressBook.framework in Frameworks */,
				13FA0269194C9DDC0099883D /* AddressBookUI.framework in Frameworks */,
			);
			runOnlyForDeploymentPostprocessing = 0;
		};
		13FA0253194C9DB90099883D /* Frameworks */ = {
			isa = PBXFrameworksBuildPhase;
			buildActionMask = 2147483647;
			files = (
			);
			runOnlyForDeploymentPostprocessing = 0;
		};
/* End PBXFrameworksBuildPhase section */

/* Begin PBXGroup section */
		13FA0237194C9DB80099883D = {
			isa = PBXGroup;
			children = (
				13FA0266194C9DDC0099883D /* AddressBook.framework */,
				13FA0267194C9DDC0099883D /* AddressBookUI.framework */,
				13FA0242194C9DB90099883D /* AddressBook */,
				13FA0259194C9DB90099883D /* AddressBookTests */,
				13FA0241194C9DB90099883D /* Products */,
			);
			sourceTree = "<group>";
		};
		13FA0241194C9DB90099883D /* Products */ = {
			isa = PBXGroup;
			children = (
				13FA0240194C9DB90099883D /* AddressBook.app */,
				13FA0256194C9DB90099883D /* AddressBookTests.xctest */,
			);
			name = Products;
			sourceTree = "<group>";
		};
		13FA0242194C9DB90099883D /* AddressBook */ = {
			isa = PBXGroup;
			children = (
				13FA0247194C9DB90099883D /* AppDelegate.h */,
				13FA0248194C9DB90099883D /* AppDelegate.m */,
				13FA024A194C9DB90099883D /* ViewController.h */,
				13FA024B194C9DB90099883D /* ViewController.m */,
				13FA024D194C9DB90099883D /* Main.storyboard */,
				13FA0250194C9DB90099883D /* Images.xcassets */,
				13FA0243194C9DB90099883D /* Supporting Files */,
			);
			path = AddressBook;
			sourceTree = "<group>";
		};
		13FA0243194C9DB90099883D /* Supporting Files */ = {
			isa = PBXGroup;
			children = (
				13FA0244194C9DB90099883D /* Info.plist */,
				13FA0245194C9DB90099883D /* main.m */,
			);
			name = "Supporting Files";
			sourceTree = "<group>";
		};
		13FA0259194C9DB90099883D /* AddressBookTests */ = {
			isa = PBXGroup;
			children = (
				13FA025C194C9DB90099883D /* AddressBookTests.m */,
				13FA025A194C9DB90099883D /* Supporting Files */,
			);
			path = AddressBookTests;
			sourceTree = "<group>";
		};
		13FA025A194C9DB90099883D /* Supporting Files */ = {
			isa = PBXGroup;
			children = (
				13FA025B194C9DB90099883D /* Info.plist */,
			);
			name = "Supporting Files";
			sourceTree = "<group>";
		};
/* End PBXGroup section */

/* Begin PBXNativeTarget section */
		13FA023F194C9DB80099883D /* AddressBook */ = {
			isa = PBXNativeTarget;
			buildConfigurationList = 13FA0260194C9DB90099883D /* Build configuration list for PBXNativeTarget "AddressBook" */;
			buildPhases = (
				13FA023C194C9DB80099883D /* Sources */,
				13FA023D194C9DB80099883D /* Frameworks */,
				13FA023E194C9DB80099883D /* Resources */,
			);
			buildRules = (
			);
			dependencies = (
			);
			name = AddressBook;
			productName = AddressBook;
			productReference = 13FA0240194C9DB90099883D /* AddressBook.app */;
			productType = "com.apple.product-type.application";
		};
		13FA0255194C9DB90099883D /* AddressBookTests */ = {
			isa = PBXNativeTarget;
			buildConfigurationList = 13FA0263194C9DB90099883D /* Build configuration list for PBXNativeTarget "AddressBookTests" */;
			buildPhases = (
				13FA0252194C9DB90099883D /* Sources */,
				13FA0253194C9DB90099883D /* Frameworks */,
				13FA0254194C9DB90099883D /* Resources */,
			);
			buildRules = (
			);
			dependencies = (
				13FA0258194C9DB90099883D /* PBXTargetDependency */,
			);
			name = AddressBookTests;
			productName = AddressBookTests;
			productReference = 13FA0256194C9DB90099883D /* AddressBookTests.xctest */;
			productType = "com.apple.product-type.bundle.unit-test";
		};
/* End PBXNativeTarget section */

/* Begin PBXProject section */
		13FA0238194C9DB80099883D /* Project object */ = {
			isa = PBXProject;
			attributes = {
				LastUpgradeCheck = 0600;
				ORGANIZATIONNAME = "Ricardo Reyes";
				TargetAttributes = {
					13FA023F194C9DB80099883D = {
						CreatedOnToolsVersion = 6.0;
					};
					13FA0255194C9DB90099883D = {
						CreatedOnToolsVersion = 6.0;
						TestTargetID = 13FA023F194C9DB80099883D;
					};
				};
			};
			buildConfigurationList = 13FA023B194C9DB80099883D /* Build configuration list for PBXProject "AddressBook" */;
			compatibilityVersion = "Xcode 3.2";
			developmentRegion = English;
			hasScannedForEncodings = 0;
			knownRegions = (
				en,
				Base,
			);
			mainGroup = 13FA0237194C9DB80099883D;
			productRefGroup = 13FA0241194C9DB90099883D /* Products */;
			projectDirPath = "";
			projectRoot = "";
			targets = (
				13FA023F194C9DB80099883D /* AddressBook */,
				13FA0255194C9DB90099883D /* AddressBookTests */,
			);
		};
/* End PBXProject section */

/* Begin PBXResourcesBuildPhase section */
		13FA023E194C9DB80099883D /* Resources */ = {
			isa = PBXResourcesBuildPhase;
			buildActionMask = 2147483647;
			files = (
				13FA024F194C9DB90099883D /* Main.storyboard in Resources */,
				13FA0251194C9DB90099883D /* Images.xcassets in Resources */,
			);
			runOnlyForDeploymentPostprocessing = 0;
		};
		13FA0254194C9DB90099883D /* Resources */ = {
			isa = PBXResourcesBuildPhase;
			buildActionMask = 2147483647;
			files = (
			);
			runOnlyForDeploymentPostprocessing = 0;
		};
/* End PBXResourcesBuildPhase section */

/* Begin PBXSourcesBuildPhase section */
		13FA023C194C9DB80099883D /* Sources */ = {
			isa = PBXSourcesBuildPhase;
			buildActionMask = 2147483647;
			files = (
				13FA024C194C9DB90099883D /* ViewController.m in Sources */,
				13FA0249194C9DB90099883D /* AppDelegate.m in Sources */,
				13FA0246194C9DB90099883D /* main.m in Sources */,
			);
			runOnlyForDeploymentPostprocessing = 0;
		};
		13FA0252194C9DB90099883D /* Sources */ = {
			isa = PBXSourcesBuildPhase;
			buildActionMask = 2147483647;
			files = (
				13FA025D194C9DB90099883D /* AddressBookTests.m in Sources */,
			);
			runOnlyForDeploymentPostprocessing = 0;
		};
/* End PBXSourcesBuildPhase section */

/* Begin PBXTargetDependency section */
		13FA0258194C9DB90099883D /* PBXTargetDependency */ = {
			isa = PBXTargetDependency;
			target = 13FA023F194C9DB80099883D /* AddressBook */;
			targetProxy = 13FA0257194C9DB90099883D /* PBXContainerItemProxy */;
		};
/* End PBXTargetDependency section */

/* Begin PBXVariantGroup section */
		13FA024D194C9DB90099883D /* Main.storyboard */ = {
			isa = PBXVariantGroup;
			children = (
				13FA024E194C9DB90099883D /* Base */,
			);
			name = Main.storyboard;
			sourceTree = "<group>";
		};
/* End PBXVariantGroup section */

/* Begin XCBuildConfiguration section */
		13FA025E194C9DB90099883D /* Debug */ = {
			isa = XCBuildConfiguration;
			buildSettings = {
				ALWAYS_SEARCH_USER_PATHS = NO;
				CLANG_CXX_LANGUAGE_STANDARD = "gnu++0x";
				CLANG_CXX_LIBRARY = "libc++";
				CLANG_ENABLE_MODULES = YES;
				CLANG_ENABLE_OBJC_ARC = YES;
				CLANG_WARN_BOOL_CONVERSION = YES;
				CLANG_WARN_CONSTANT_CONVERSION = YES;
				CLANG_WARN_DIRECT_OBJC_ISA_USAGE = YES_ERROR;
				CLANG_WARN_EMPTY_BODY = YES;
				CLANG_WARN_ENUM_CONVERSION = YES;
				CLANG_WARN_INT_CONVERSION = YES;
				CLANG_WARN_OBJC_ROOT_CLASS = YES_ERROR;
				CLANG_WARN_UNREACHABLE_CODE = YES;
				CLANG_WARN__DUPLICATE_METHOD_MATCH = YES;
				"CODE_SIGN_IDENTITY[sdk=iphoneos*]" = "iPhone Developer";
				COPY_PHASE_STRIP = NO;
				ENABLE_STRICT_OBJC_MSGSEND = YES;
				GCC_C_LANGUAGE_STANDARD = gnu99;
				GCC_DYNAMIC_NO_PIC = NO;
				GCC_OPTIMIZATION_LEVEL = 0;
				GCC_PREPROCESSOR_DEFINITIONS = (
					"DEBUG=1",
					"$(inherited)",
				);
				GCC_SYMBOLS_PRIVATE_EXTERN = NO;
				GCC_WARN_64_TO_32_BIT_CONVERSION = YES;
				GCC_WARN_ABOUT_RETURN_TYPE = YES_ERROR;
				GCC_WARN_UNDECLARED_SELECTOR = YES;
				GCC_WARN_UNINITIALIZED_AUTOS = YES_AGGRESSIVE;
				GCC_WARN_UNUSED_FUNCTION = YES;
				GCC_WARN_UNUSED_VARIABLE = YES;
				IPHONEOS_DEPLOYMENT_TARGET = 8.0;
				METAL_ENABLE_DEBUG_INFO = YES;
				ONLY_ACTIVE_ARCH = YES;
				SDKROOT = iphoneos;
			};
			name = Debug;
		};
		13FA025F194C9DB90099883D /* Release */ = {
			isa = XCBuildConfiguration;
			buildSettings = {
				ALWAYS_SEARCH_USER_PATHS = NO;
				CLANG_CXX_LANGUAGE_STANDARD = "gnu++0x";
				CLANG_CXX_LIBRARY = "libc++";
				CLANG_ENABLE_MODULES = YES;
				CLANG_ENABLE_OBJC_ARC = YES;
				CLANG_WARN_BOOL_CONVERSION = YES;
				CLANG_WARN_CONSTANT_CONVERSION = YES;
				CLANG_WARN_DIRECT_OBJC_ISA_USAGE = YES_ERROR;
				CLANG_WARN_EMPTY_BODY = YES;
				CLANG_WARN_ENUM_CONVERSION = YES;
				CLANG_WARN_INT_CONVERSION = YES;
				CLANG_WARN_OBJC_ROOT_CLASS = YES_ERROR;
				CLANG_WARN_UNREACHABLE_CODE = YES;
				CLANG_WARN__DUPLICATE_METHOD_MATCH = YES;
				"CODE_SIGN_IDENTITY[sdk=iphoneos*]" = "iPhone Developer";
				COPY_PHASE_STRIP = YES;
				ENABLE_NS_ASSERTIONS = NO;
				ENABLE_STRICT_OBJC_MSGSEND = YES;
				GCC_C_LANGUAGE_STANDARD = gnu99;
				GCC_WARN_64_TO_32_BIT_CONVERSION = YES;
				GCC_WARN_ABOUT_RETURN_TYPE = YES_ERROR;
				GCC_WARN_UNDECLARED_SELECTOR = YES;
				GCC_WARN_UNINITIALIZED_AUTOS = YES_AGGRESSIVE;
				GCC_WARN_UNUSED_FUNCTION = YES;
				GCC_WARN_UNUSED_VARIABLE = YES;
				IPHONEOS_DEPLOYMENT_TARGET = 8.0;
				METAL_ENABLE_DEBUG_INFO = NO;
				SDKROOT = iphoneos;
				VALIDATE_PRODUCT = YES;
			};
			name = Release;
		};
		13FA0261194C9DB90099883D /* Debug */ = {
			isa = XCBuildConfiguration;
			buildSettings = {
				ASSETCATALOG_COMPILER_APPICON_NAME = AppIcon;
				ASSETCATALOG_COMPILER_LAUNCHIMAGE_NAME = LaunchImage;
				INFOPLIST_FILE = AddressBook/Info.plist;
				LD_RUNPATH_SEARCH_PATHS = "$(inherited) @executable_path/Frameworks";
				PRODUCT_NAME = "$(TARGET_NAME)";
			};
			name = Debug;
		};
		13FA0262194C9DB90099883D /* Release */ = {
			isa = XCBuildConfiguration;
			buildSettings = {
				ASSETCATALOG_COMPILER_APPICON_NAME = AppIcon;
				ASSETCATALOG_COMPILER_LAUNCHIMAGE_NAME = LaunchImage;
				INFOPLIST_FILE = AddressBook/Info.plist;
				LD_RUNPATH_SEARCH_PATHS = "$(inherited) @executable_path/Frameworks";
				PRODUCT_NAME = "$(TARGET_NAME)";
			};
			name = Release;
		};
		13FA0264194C9DB90099883D /* Debug */ = {
			isa = XCBuildConfiguration;
			buildSettings = {
				BUNDLE_LOADER = "$(BUILT_PRODUCTS_DIR)/AddressBook.app/AddressBook";
				FRAMEWORK_SEARCH_PATHS = (
					"$(SDKROOT)/Developer/Library/Frameworks",
					"$(inherited)",
				);
				GCC_PREPROCESSOR_DEFINITIONS = (
					"DEBUG=1",
					"$(inherited)",
				);
				INFOPLIST_FILE = AddressBookTests/Info.plist;
				LD_RUNPATH_SEARCH_PATHS = "$(inherited) @executable_path/Frameworks @loader_path/Frameworks";
				METAL_ENABLE_DEBUG_INFO = YES;
				PRODUCT_NAME = "$(TARGET_NAME)";
				TEST_HOST = "$(BUNDLE_LOADER)";
			};
			name = Debug;
		};
		13FA0265194C9DB90099883D /* Release */ = {
			isa = XCBuildConfiguration;
			buildSettings = {
				BUNDLE_LOADER = "$(BUILT_PRODUCTS_DIR)/AddressBook.app/AddressBook";
				FRAMEWORK_SEARCH_PATHS = (
					"$(SDKROOT)/Developer/Library/Frameworks",
					"$(inherited)",
				);
				INFOPLIST_FILE = AddressBookTests/Info.plist;
				LD_RUNPATH_SEARCH_PATHS = "$(inherited) @executable_path/Frameworks @loader_path/Frameworks";
				METAL_ENABLE_DEBUG_INFO = NO;
				PRODUCT_NAME = "$(TARGET_NAME)";
				TEST_HOST = "$(BUNDLE_LOADER)";
			};
			name = Release;
		};
/* End XCBuildConfiguration section */

/* Begin XCConfigurationList section */
		13FA023B194C9DB80099883D /* Build configuration list for PBXProject "AddressBook" */ = {
			isa = XCConfigurationList;
			buildConfigurations = (
				13FA025E194C9DB90099883D /* Debug */,
				13FA025F194C9DB90099883D /* Release */,
			);
			defaultConfigurationIsVisible = 0;
			defaultConfigurationName = Release;
		};
		13FA0260194C9DB90099883D /* Build configuration list for PBXNativeTarget "AddressBook" */ = {
			isa = XCConfigurationList;
			buildConfigurations = (
				13FA0261194C9DB90099883D /* Debug */,
				13FA0262194C9DB90099883D /* Release */,
			);
			defaultConfigurationIsVisible = 0;
		};
		13FA0263194C9DB90099883D /* Build configuration list for PBXNativeTarget "AddressBookTests" */ = {
			isa = XCConfigurationList;
			buildConfigurations = (
				13FA0264194C9DB90099883D /* Debug */,
				13FA0265194C9DB90099883D /* Release */,
			);
			defaultConfigurationIsVisible = 0;
		};
/* End XCConfigurationList section */
	};
	rootObject = 13FA0238194C9DB80099883D /* Project object */;
}
